// !$*UTF8*$!
{
	archiveVersion = 1;
	classes = {
	};
	objectVersion = 46;
	objects = {

/* Begin PBXBuildFile section */
		7899CFA81F06C64F00B38276 /* AppDelegate.swift in Sources */ = {isa = PBXBuildFile; fileRef = 7899CFA71F06C64F00B38276 /* AppDelegate.swift */; };
		7899CFAA1F06C64F00B38276 /* ViewController.swift in Sources */ = {isa = PBXBuildFile; fileRef = 7899CFA91F06C64F00B38276 /* ViewController.swift */; };
		7899CFAC1F06C64F00B38276 /* Assets.xcassets in Resources */ = {isa = PBXBuildFile; fileRef = 7899CFAB1F06C64F00B38276 /* Assets.xcassets */; };
		7899CFAF1F06C64F00B38276 /* Main.storyboard in Resources */ = {isa = PBXBuildFile; fileRef = 7899CFAD1F06C64F00B38276 /* Main.storyboard */; };
		7899CFB71F06C67200B38276 /* WebKit.framework in Frameworks */ = {isa = PBXBuildFile; fileRef = 7899CFB61F06C67200B38276 /* WebKit.framework */; };
/* End PBXBuildFile section */

/* Begin PBXFileReference section */
		7899CFA41F06C64F00B38276 /* MyActiveTasks.app */ = {isa = PBXFileReference; explicitFileType = wrapper.application; includeInIndex = 0; path = MyActiveTasks.app; sourceTree = BUILT_PRODUCTS_DIR; };
		7899CFA71F06C64F00B38276 /* AppDelegate.swift */ = {isa = PBXFileReference; lastKnownFileType = sourcecode.swift; path = AppDelegate.swift; sourceTree = "<group>"; };
		7899CFA91F06C64F00B38276 /* ViewController.swift */ = {isa = PBXFileReference; lastKnownFileType = sourcecode.swift; path = ViewController.swift; sourceTree = "<group>"; };
		7899CFAB1F06C64F00B38276 /* Assets.xcassets */ = {isa = PBXFileReference; lastKnownFileType = folder.assetcatalog; path = Assets.xcassets; sourceTree = "<group>"; };
		7899CFAE1F06C64F00B38276 /* Base */ = {isa = PBXFileReference; lastKnownFileType = file.storyboard; name = Base; path = Base.lproj/Main.storyboard; sourceTree = "<group>"; };
		7899CFB01F06C64F00B38276 /* Info.plist */ = {isa = PBXFileReference; lastKnownFileType = text.plist.xml; path = Info.plist; sourceTree = "<group>"; };
		7899CFB61F06C67200B38276 /* WebKit.framework */ = {isa = PBXFileReference; lastKnownFileType = wrapper.framework; name = WebKit.framework; path = System/Library/Frameworks/WebKit.framework; sourceTree = SDKROOT; };
/* End PBXFileReference section */

/* Begin PBXFrameworksBuildPhase section */
		7899CFA11F06C64F00B38276 /* Frameworks */ = {
			isa = PBXFrameworksBuildPhase;
			buildActionMask = 2147483647;
			files = (
				7899CFB71F06C67200B38276 /* WebKit.framework in Frameworks */,
			);
			runOnlyForDeploymentPostprocessing = 0;
		};
/* End PBXFrameworksBuildPhase section */

/* Begin PBXGroup section */
		7899CF9B1F06C64F00B38276 = {
			isa = PBXGroup;
			children = (
				7899CFB61F06C67200B38276 /* WebKit.framework */,
				7899CFA61F06C64F00B38276 /* MyActiveTasks */,
				7899CFA51F06C64F00B38276 /* Products */,
			);
			sourceTree = "<group>";
		};
		7899CFA51F06C64F00B38276 /* Products */ = {
			isa = PBXGroup;
			children = (
				7899CFA41F06C64F00B38276 /* MyActiveTasks.app */,
			);
			name = Products;
			sourceTree = "<group>";
		};
		7899CFA61F06C64F00B38276 /* MyActiveTasks */ = {
			isa = PBXGroup;
			children = (
				7899CFA71F06C64F00B38276 /* AppDelegate.swift */,
				7899CFA91F06C64F00B38276 /* ViewController.swift */,
				7899CFAB1F06C64F00B38276 /* Assets.xcassets */,
				7899CFAD1F06C64F00B38276 /* Main.storyboard */,
				7899CFB01F06C64F00B38276 /* Info.plist */,
			);
			path = MyActiveTasks;
			sourceTree = "<group>";
		};
/* End PBXGroup section */

/* Begin PBXNativeTarget section */
		7899CFA31F06C64F00B38276 /* MyActiveTasks */ = {
			isa = PBXNativeTarget;
			buildConfigurationList = 7899CFB31F06C64F00B38276 /* Build configuration list for PBXNativeTarget "MyActiveTasks" */;
			buildPhases = (
				7899CFA01F06C64F00B38276 /* Sources */,
				7899CFA11F06C64F00B38276 /* Frameworks */,
				7899CFA21F06C64F00B38276 /* Resources */,
			);
			buildRules = (
			);
			dependencies = (
			);
			name = MyActiveTasks;
			productName = MyActiveTasks;
			productReference = 7899CFA41F06C64F00B38276 /* MyActiveTasks.app */;
			productType = "com.apple.product-type.application";
		};
/* End PBXNativeTarget section */

/* Begin PBXProject section */
		7899CF9C1F06C64F00B38276 /* Project object */ = {
			isa = PBXProject;
			attributes = {
				LastSwiftUpdateCheck = 0730;
				LastUpgradeCheck = 0730;
				ORGANIZATIONNAME = ScottMcAllister;
				TargetAttributes = {
					7899CFA31F06C64F00B38276 = {
						CreatedOnToolsVersion = 7.3;
					};
				};
			};
			buildConfigurationList = 7899CF9F1F06C64F00B38276 /* Build configuration list for PBXProject "MyActiveTasks" */;
			compatibilityVersion = "Xcode 3.2";
			developmentRegion = English;
			hasScannedForEncodings = 0;
			knownRegions = (
				en,
				Base,
			);
			mainGroup = 7899CF9B1F06C64F00B38276;
			productRefGroup = 7899CFA51F06C64F00B38276 /* Products */;
			projectDirPath = "";
			projectRoot = "";
			targets = (
				7899CFA31F06C64F00B38276 /* MyActiveTasks */,
			);
		};
/* End PBXProject section */

/* Begin PBXResourcesBuildPhase section */
		7899CFA21F06C64F00B38276 /* Resources */ = {
			isa = PBXResourcesBuildPhase;
			buildActionMask = 2147483647;
			files = (
				7899CFAC1F06C64F00B38276 /* Assets.xcassets in Resources */,
				7899CFAF1F06C64F00B38276 /* Main.storyboard in Resources */,
			);
			runOnlyForDeploymentPostprocessing = 0;
		};
/* End PBXResourcesBuildPhase section */

/* Begin PBXSourcesBuildPhase section */
		7899CFA01F06C64F00B38276 /* Sources */ = {
			isa = PBXSourcesBuildPhase;
			buildActionMask = 2147483647;
			files = (
				7899CFAA1F06C64F00B38276 /* ViewController.swift in Sources */,
				7899CFA81F06C64F00B38276 /* AppDelegate.swift in Sources */,
			);
			runOnlyForDeploymentPostprocessing = 0;
		};
/* End PBXSourcesBuildPhase section */

/* Begin PBXVariantGroup section */
		7899CFAD1F06C64F00B38276 /* Main.storyboard */ = {
			isa = PBXVariantGroup;
			children = (
				7899CFAE1F06C64F00B38276 /* Base */,
			);
			name = Main.storyboard;
			sourceTree = "<group>";
		};
/* End PBXVariantGroup section */

/* Begin XCBuildConfiguration section */
		7899CFB11F06C64F00B38276 /* Debug */ = {
			isa = XCBuildConfiguration;
			buildSettings = {
				ALWAYS_SEARCH_USER_PATHS = NO;
				CLANG_ANALYZER_NONNULL = YES;
				CLANG_CXX_LANGUAGE_STANDARD = "gnu++0x";
				CLANG_CXX_LIBRARY = "libc++";
				CLANG_ENABLE_MODULES = YES;
				CLANG_ENABLE_OBJC_ARC = YES;
				CLANG_WARN_BOOL_CONVERSION = YES;
				CLANG_WARN_CONSTANT_CONVERSION = YES;
				CLANG_WARN_DIRECT_OBJC_ISA_USAGE = YES_ERROR;
				CLANG_WARN_EMPTY_BODY = YES;
				CLANG_WARN_ENUM_CONVERSION = YES;
				CLANG_WARN_INT_CONVERSION = YES;
				CLANG_WARN_OBJC_ROOT_CLASS = YES_ERROR;
				CLANG_WARN_UNREACHABLE_CODE = YES;
				CLANG_WARN__DUPLICATE_METHOD_MATCH = YES;
				CODE_SIGN_IDENTITY = "-";
				COPY_PHASE_STRIP = NO;
				DEBUG_INFORMATION_FORMAT = dwarf;
				ENABLE_STRICT_OBJC_MSGSEND = YES;
				ENABLE_TESTABILITY = YES;
				GCC_C_LANGUAGE_STANDARD = gnu99;
				GCC_DYNAMIC_NO_PIC = NO;
				GCC_NO_COMMON_BLOCKS = YES;
				GCC_OPTIMIZATION_LEVEL = 0;
				GCC_PREPROCESSOR_DEFINITIONS = (
					"DEBUG=1",
					"$(inherited)",
				);
				GCC_WARN_64_TO_32_BIT_CONVERSION = YES;
				GCC_WARN_ABOUT_RETURN_TYPE = YES_ERROR;
				GCC_WARN_UNDECLARED_SELECTOR = YES;
				GCC_WARN_UNINITIALIZED_AUTOS = YES_AGGRESSIVE;
				GCC_WARN_UNUSED_FUNCTION = YES;
				GCC_WARN_UNUSED_VARIABLE = YES;
				MACOSX_DEPLOYMENT_TARGET = 10.11;
				MTL_ENABLE_DEBUG_INFO = YES;
				ONLY_ACTIVE_ARCH = YES;
				SDKROOT = macosx;
				SWIFT_OPTIMIZATION_LEVEL = "-Onone";
			};
			name = Debug;
		};
		7899CFB21F06C64F00B38276 /* Release */ = {
			isa = XCBuildConfiguration;
			buildSettings = {
				ALWAYS_SEARCH_USER_PATHS = NO;
				CLANG_ANALYZER_NONNULL = YES;
				CLANG_CXX_LANGUAGE_STANDARD = "gnu++0x";
				CLANG_CXX_LIBRARY = "libc++";
				CLANG_ENABLE_MODULES = YES;
				CLANG_ENABLE_OBJC_ARC = YES;
				CLANG_WARN_BOOL_CONVERSION = YES;
				CLANG_WARN_CONSTANT_CONVERSION = YES;
				CLANG_WARN_DIRECT_OBJC_ISA_USAGE = YES_ERROR;
				CLANG_WARN_EMPTY_BODY = YES;
				CLANG_WARN_ENUM_CONVERSION = YES;
				CLANG_WARN_INT_CONVERSION = YES;
				CLANG_WARN_OBJC_ROOT_CLASS = YES_ERROR;
				CLANG_WARN_UNREACHABLE_CODE = YES;
				CLANG_WARN__DUPLICATE_METHOD_MATCH = YES;
				CODE_SIGN_IDENTITY = "-";
				COPY_PHASE_STRIP = NO;
				DEBUG_INFORMATION_FORMAT = "dwarf-with-dsym";
				ENABLE_NS_ASSERTIONS = NO;
				ENABLE_STRICT_OBJC_MSGSEND = YES;
				GCC_C_LANGUAGE_STANDARD = gnu99;
				GCC_NO_COMMON_BLOCKS = YES;
				GCC_WARN_64_TO_32_BIT_CONVERSION = YES;
				GCC_WARN_ABOUT_RETURN_TYPE = YES_ERROR;
				GCC_WARN_UNDECLARED_SELECTOR = YES;
				GCC_WARN_UNINITIALIZED_AUTOS = YES_AGGRESSIVE;
				GCC_WARN_UNUSED_FUNCTION = YES;
				GCC_WARN_UNUSED_VARIABLE = YES;
				MACOSX_DEPLOYMENT_TARGET = 10.11;
				MTL_ENABLE_DEBUG_INFO = NO;
				SDKROOT = macosx;
			};
			name = Release;
		};
		7899CFB41F06C64F00B38276 /* Debug */ = {
			isa = XCBuildConfiguration;
			buildSettings = {
				ASSETCATALOG_COMPILER_APPICON_NAME = AppIcon;
				COMBINE_HIDPI_IMAGES = YES;
				INFOPLIST_FILE = MyActiveTasks/Info.plist;
				LD_RUNPATH_SEARCH_PATHS = "$(inherited) @executable_path/../Frameworks";
				PRODUCT_BUNDLE_IDENTIFIER = com.smartsheet.smcallister.MyActiveTasks;
				PRODUCT_NAME = "$(TARGET_NAME)";
			};
			name = Debug;
		};
		7899CFB51F06C64F00B38276 /* Release */ = {
			isa = XCBuildConfiguration;
			buildSettings = {
				ASSETCATALOG_COMPILER_APPICON_NAME = AppIcon;
				COMBINE_HIDPI_IMAGES = YES;
				INFOPLIST_FILE = MyActiveTasks/Info.plist;
				LD_RUNPATH_SEARCH_PATHS = "$(inherited) @executable_path/../Frameworks";
				PRODUCT_BUNDLE_IDENTIFIER = com.smartsheet.smcallister.MyActiveTasks;
				PRODUCT_NAME = "$(TARGET_NAME)";
			};
			name = Release;
		};
/* End XCBuildConfiguration section */

/* Begin XCConfigurationList section */
		7899CF9F1F06C64F00B38276 /* Build configuration list for PBXProject "MyActiveTasks" */ = {
			isa = XCConfigurationList;
			buildConfigurations = (
				7899CFB11F06C64F00B38276 /* Debug */,
				7899CFB21F06C64F00B38276 /* Release */,
			);
			defaultConfigurationIsVisible = 0;
			defaultConfigurationName = Release;
		};
		7899CFB31F06C64F00B38276 /* Build configuration list for PBXNativeTarget "MyActiveTasks" */ = {
			isa = XCConfigurationList;
			buildConfigurations = (
				7899CFB41F06C64F00B38276 /* Debug */,
				7899CFB51F06C64F00B38276 /* Release */,
			);
			defaultConfigurationIsVisible = 0;
		};
/* End XCConfigurationList section */
	};
	rootObject = 7899CF9C1F06C64F00B38276 /* Project object */;
}
